// !$*UTF8*$!
{
	archiveVersion = 1;
	classes = {
	};
	objectVersion = 56;
	objects = {

/* Begin PBXBuildFile section */
		AC4C1FAE291B4B2B00C598AA /* FitzeSellerApp.swift in Sources */ = {isa = PBXBuildFile; fileRef = AC4C1FAD291B4B2B00C598AA /* FitzeSellerApp.swift */; };
		AC4C1FB0291B4B2B00C598AA /* ContentView.swift in Sources */ = {isa = PBXBuildFile; fileRef = AC4C1FAF291B4B2B00C598AA /* ContentView.swift */; };
		AC4C1FB2291B4B2C00C598AA /* Assets.xcassets in Resources */ = {isa = PBXBuildFile; fileRef = AC4C1FB1291B4B2C00C598AA /* Assets.xcassets */; };
		AC4C1FB5291B4B2C00C598AA /* Preview Assets.xcassets in Resources */ = {isa = PBXBuildFile; fileRef = AC4C1FB4291B4B2C00C598AA /* Preview Assets.xcassets */; };
		DB36D74F291B5CB300A6B04B /* NotificationItemView.swift in Sources */ = {isa = PBXBuildFile; fileRef = DB36D74E291B5CB300A6B04B /* NotificationItemView.swift */; };
		DB9B5530291B5829009C76F0 /* NotificationsView.swift in Sources */ = {isa = PBXBuildFile; fileRef = DB9B552F291B5829009C76F0 /* NotificationsView.swift */; };
/* End PBXBuildFile section */

/* Begin PBXFileReference section */
		AC4C1FAA291B4B2B00C598AA /* FitzeSeller.app */ = {isa = PBXFileReference; explicitFileType = wrapper.application; includeInIndex = 0; path = FitzeSeller.app; sourceTree = BUILT_PRODUCTS_DIR; };
		AC4C1FAD291B4B2B00C598AA /* FitzeSellerApp.swift */ = {isa = PBXFileReference; lastKnownFileType = sourcecode.swift; path = FitzeSellerApp.swift; sourceTree = "<group>"; };
		AC4C1FAF291B4B2B00C598AA /* ContentView.swift */ = {isa = PBXFileReference; lastKnownFileType = sourcecode.swift; path = ContentView.swift; sourceTree = "<group>"; };
		AC4C1FB1291B4B2C00C598AA /* Assets.xcassets */ = {isa = PBXFileReference; lastKnownFileType = folder.assetcatalog; path = Assets.xcassets; sourceTree = "<group>"; };
		AC4C1FB4291B4B2C00C598AA /* Preview Assets.xcassets */ = {isa = PBXFileReference; lastKnownFileType = folder.assetcatalog; path = "Preview Assets.xcassets"; sourceTree = "<group>"; };
		AC4C1FB6291B4B2C00C598AA /* FitzeSeller.entitlements */ = {isa = PBXFileReference; lastKnownFileType = text.plist.entitlements; path = FitzeSeller.entitlements; sourceTree = "<group>"; };
		DB36D74E291B5CB300A6B04B /* NotificationItemView.swift */ = {isa = PBXFileReference; lastKnownFileType = sourcecode.swift; path = NotificationItemView.swift; sourceTree = "<group>"; };
		DB9B552F291B5829009C76F0 /* NotificationsView.swift */ = {isa = PBXFileReference; lastKnownFileType = sourcecode.swift; path = NotificationsView.swift; sourceTree = "<group>"; };
/* End PBXFileReference section */

/* Begin PBXFrameworksBuildPhase section */
		AC4C1FA7291B4B2B00C598AA /* Frameworks */ = {
			isa = PBXFrameworksBuildPhase;
			buildActionMask = 2147483647;
			files = (
			);
			runOnlyForDeploymentPostprocessing = 0;
		};
/* End PBXFrameworksBuildPhase section */

/* Begin PBXGroup section */
		AC4C1FA1291B4B2B00C598AA = {
			isa = PBXGroup;
			children = (
				AC4C1FAC291B4B2B00C598AA /* FitzeSeller */,
				AC4C1FAB291B4B2B00C598AA /* Products */,
			);
			sourceTree = "<group>";
		};
		AC4C1FAB291B4B2B00C598AA /* Products */ = {
			isa = PBXGroup;
			children = (
				AC4C1FAA291B4B2B00C598AA /* FitzeSeller.app */,
			);
			name = Products;
			sourceTree = "<group>";
		};
		AC4C1FAC291B4B2B00C598AA /* FitzeSeller */ = {
			isa = PBXGroup;
			children = (
				DB9B552C291B5806009C76F0 /* Notification View */,
				AC4C1FAD291B4B2B00C598AA /* FitzeSellerApp.swift */,
				AC4C1FAF291B4B2B00C598AA /* ContentView.swift */,
				AC4C1FB1291B4B2C00C598AA /* Assets.xcassets */,
				AC4C1FB6291B4B2C00C598AA /* FitzeSeller.entitlements */,
				AC4C1FB3291B4B2C00C598AA /* Preview Content */,
			);
			path = FitzeSeller;
			sourceTree = "<group>";
		};
		AC4C1FB3291B4B2C00C598AA /* Preview Content */ = {
			isa = PBXGroup;
			children = (
				AC4C1FB4291B4B2C00C598AA /* Preview Assets.xcassets */,
			);
			path = "Preview Content";
			sourceTree = "<group>";
		};
		DB9B552C291B5806009C76F0 /* Notification View */ = {
			isa = PBXGroup;
			children = (
				DB9B552E291B581A009C76F0 /* View Model */,
				DB9B552D291B5815009C76F0 /* View */,
			);
			path = "Notification View";
			sourceTree = "<group>";
		};
		DB9B552D291B5815009C76F0 /* View */ = {
			isa = PBXGroup;
			children = (
				DB9B552F291B5829009C76F0 /* NotificationsView.swift */,
				DB36D74E291B5CB300A6B04B /* NotificationItemView.swift */,
			);
			path = View;
			sourceTree = "<group>";
		};
		DB9B552E291B581A009C76F0 /* View Model */ = {
			isa = PBXGroup;
			children = (
			);
			path = "View Model";
			sourceTree = "<group>";
		};
/* End PBXGroup section */

/* Begin PBXNativeTarget section */
		AC4C1FA9291B4B2B00C598AA /* FitzeSeller */ = {
			isa = PBXNativeTarget;
			buildConfigurationList = AC4C1FB9291B4B2C00C598AA /* Build configuration list for PBXNativeTarget "FitzeSeller" */;
			buildPhases = (
				AC4C1FA6291B4B2B00C598AA /* Sources */,
				AC4C1FA7291B4B2B00C598AA /* Frameworks */,
				AC4C1FA8291B4B2B00C598AA /* Resources */,
			);
			buildRules = (
			);
			dependencies = (
			);
			name = FitzeSeller;
			productName = FitzeSeller;
			productReference = AC4C1FAA291B4B2B00C598AA /* FitzeSeller.app */;
			productType = "com.apple.product-type.application";
		};
/* End PBXNativeTarget section */

/* Begin PBXProject section */
		AC4C1FA2291B4B2B00C598AA /* Project object */ = {
			isa = PBXProject;
			attributes = {
				BuildIndependentTargetsInParallel = 1;
				LastSwiftUpdateCheck = 1400;
				LastUpgradeCheck = 1400;
				TargetAttributes = {
					AC4C1FA9291B4B2B00C598AA = {
						CreatedOnToolsVersion = 14.0.1;
					};
				};
			};
			buildConfigurationList = AC4C1FA5291B4B2B00C598AA /* Build configuration list for PBXProject "FitzeSeller" */;
			compatibilityVersion = "Xcode 14.0";
			developmentRegion = en;
			hasScannedForEncodings = 0;
			knownRegions = (
				en,
				Base,
			);
			mainGroup = AC4C1FA1291B4B2B00C598AA;
			productRefGroup = AC4C1FAB291B4B2B00C598AA /* Products */;
			projectDirPath = "";
			projectRoot = "";
			targets = (
				AC4C1FA9291B4B2B00C598AA /* FitzeSeller */,
			);
		};
/* End PBXProject section */

/* Begin PBXResourcesBuildPhase section */
		AC4C1FA8291B4B2B00C598AA /* Resources */ = {
			isa = PBXResourcesBuildPhase;
			buildActionMask = 2147483647;
			files = (
				AC4C1FB5291B4B2C00C598AA /* Preview Assets.xcassets in Resources */,
				AC4C1FB2291B4B2C00C598AA /* Assets.xcassets in Resources */,
			);
			runOnlyForDeploymentPostprocessing = 0;
		};
/* End PBXResourcesBuildPhase section */

/* Begin PBXSourcesBuildPhase section */
		AC4C1FA6291B4B2B00C598AA /* Sources */ = {
			isa = PBXSourcesBuildPhase;
			buildActionMask = 2147483647;
			files = (
				AC4C1FB0291B4B2B00C598AA /* ContentView.swift in Sources */,
				AC4C1FAE291B4B2B00C598AA /* FitzeSellerApp.swift in Sources */,
				DB36D74F291B5CB300A6B04B /* NotificationItemView.swift in Sources */,
				DB9B5530291B5829009C76F0 /* NotificationsView.swift in Sources */,
			);
			runOnlyForDeploymentPostprocessing = 0;
		};
/* End PBXSourcesBuildPhase section */

/* Begin XCBuildConfiguration section */
		AC4C1FB7291B4B2C00C598AA /* Debug */ = {
			isa = XCBuildConfiguration;
			buildSettings = {
				ALWAYS_SEARCH_USER_PATHS = NO;
				CLANG_ANALYZER_NONNULL = YES;
				CLANG_ANALYZER_NUMBER_OBJECT_CONVERSION = YES_AGGRESSIVE;
				CLANG_CXX_LANGUAGE_STANDARD = "gnu++20";
				CLANG_ENABLE_MODULES = YES;
				CLANG_ENABLE_OBJC_ARC = YES;
				CLANG_ENABLE_OBJC_WEAK = YES;
				CLANG_WARN_BLOCK_CAPTURE_AUTORELEASING = YES;
				CLANG_WARN_BOOL_CONVERSION = YES;
				CLANG_WARN_COMMA = YES;
				CLANG_WARN_CONSTANT_CONVERSION = YES;
				CLANG_WARN_DEPRECATED_OBJC_IMPLEMENTATIONS = YES;
				CLANG_WARN_DIRECT_OBJC_ISA_USAGE = YES_ERROR;
				CLANG_WARN_DOCUMENTATION_COMMENTS = YES;
				CLANG_WARN_EMPTY_BODY = YES;
				CLANG_WARN_ENUM_CONVERSION = YES;
				CLANG_WARN_INFINITE_RECURSION = YES;
				CLANG_WARN_INT_CONVERSION = YES;
				CLANG_WARN_NON_LITERAL_NULL_CONVERSION = YES;
				CLANG_WARN_OBJC_IMPLICIT_RETAIN_SELF = YES;
				CLANG_WARN_OBJC_LITERAL_CONVERSION = YES;
				CLANG_WARN_OBJC_ROOT_CLASS = YES_ERROR;
				CLANG_WARN_QUOTED_INCLUDE_IN_FRAMEWORK_HEADER = YES;
				CLANG_WARN_RANGE_LOOP_ANALYSIS = YES;
				CLANG_WARN_STRICT_PROTOTYPES = YES;
				CLANG_WARN_SUSPICIOUS_MOVE = YES;
				CLANG_WARN_UNGUARDED_AVAILABILITY = YES_AGGRESSIVE;
				CLANG_WARN_UNREACHABLE_CODE = YES;
				CLANG_WARN__DUPLICATE_METHOD_MATCH = YES;
				COPY_PHASE_STRIP = NO;
				DEBUG_INFORMATION_FORMAT = dwarf;
				ENABLE_STRICT_OBJC_MSGSEND = YES;
				ENABLE_TESTABILITY = YES;
				GCC_C_LANGUAGE_STANDARD = gnu11;
				GCC_DYNAMIC_NO_PIC = NO;
				GCC_NO_COMMON_BLOCKS = YES;
				GCC_OPTIMIZATION_LEVEL = 0;
				GCC_PREPROCESSOR_DEFINITIONS = (
					"DEBUG=1",
					"$(inherited)",
				);
				GCC_WARN_64_TO_32_BIT_CONVERSION = YES;
				GCC_WARN_ABOUT_RETURN_TYPE = YES_ERROR;
				GCC_WARN_UNDECLARED_SELECTOR = YES;
				GCC_WARN_UNINITIALIZED_AUTOS = YES_AGGRESSIVE;
				GCC_WARN_UNUSED_FUNCTION = YES;
				GCC_WARN_UNUSED_VARIABLE = YES;
				MACOSX_DEPLOYMENT_TARGET = 12.3;
				MTL_ENABLE_DEBUG_INFO = INCLUDE_SOURCE;
				MTL_FAST_MATH = YES;
				ONLY_ACTIVE_ARCH = YES;
				SDKROOT = macosx;
				SWIFT_ACTIVE_COMPILATION_CONDITIONS = DEBUG;
				SWIFT_OPTIMIZATION_LEVEL = "-Onone";
			};
			name = Debug;
		};
		AC4C1FB8291B4B2C00C598AA /* Release */ = {
			isa = XCBuildConfiguration;
			buildSettings = {
				ALWAYS_SEARCH_USER_PATHS = NO;
				CLANG_ANALYZER_NONNULL = YES;
				CLANG_ANALYZER_NUMBER_OBJECT_CONVERSION = YES_AGGRESSIVE;
				CLANG_CXX_LANGUAGE_STANDARD = "gnu++20";
				CLANG_ENABLE_MODULES = YES;
				CLANG_ENABLE_OBJC_ARC = YES;
				CLANG_ENABLE_OBJC_WEAK = YES;
				CLANG_WARN_BLOCK_CAPTURE_AUTORELEASING = YES;
				CLANG_WARN_BOOL_CONVERSION = YES;
				CLANG_WARN_COMMA = YES;
				CLANG_WARN_CONSTANT_CONVERSION = YES;
				CLANG_WARN_DEPRECATED_OBJC_IMPLEMENTATIONS = YES;
				CLANG_WARN_DIRECT_OBJC_ISA_USAGE = YES_ERROR;
				CLANG_WARN_DOCUMENTATION_COMMENTS = YES;
				CLANG_WARN_EMPTY_BODY = YES;
				CLANG_WARN_ENUM_CONVERSION = YES;
				CLANG_WARN_INFINITE_RECURSION = YES;
				CLANG_WARN_INT_CONVERSION = YES;
				CLANG_WARN_NON_LITERAL_NULL_CONVERSION = YES;
				CLANG_WARN_OBJC_IMPLICIT_RETAIN_SELF = YES;
				CLANG_WARN_OBJC_LITERAL_CONVERSION = YES;
				CLANG_WARN_OBJC_ROOT_CLASS = YES_ERROR;
				CLANG_WARN_QUOTED_INCLUDE_IN_FRAMEWORK_HEADER = YES;
				CLANG_WARN_RANGE_LOOP_ANALYSIS = YES;
				CLANG_WARN_STRICT_PROTOTYPES = YES;
				CLANG_WARN_SUSPICIOUS_MOVE = YES;
				CLANG_WARN_UNGUARDED_AVAILABILITY = YES_AGGRESSIVE;
				CLANG_WARN_UNREACHABLE_CODE = YES;
				CLANG_WARN__DUPLICATE_METHOD_MATCH = YES;
				COPY_PHASE_STRIP = NO;
				DEBUG_INFORMATION_FORMAT = "dwarf-with-dsym";
				ENABLE_NS_ASSERTIONS = NO;
				ENABLE_STRICT_OBJC_MSGSEND = YES;
				GCC_C_LANGUAGE_STANDARD = gnu11;
				GCC_NO_COMMON_BLOCKS = YES;
				GCC_WARN_64_TO_32_BIT_CONVERSION = YES;
				GCC_WARN_ABOUT_RETURN_TYPE = YES_ERROR;
				GCC_WARN_UNDECLARED_SELECTOR = YES;
				GCC_WARN_UNINITIALIZED_AUTOS = YES_AGGRESSIVE;
				GCC_WARN_UNUSED_FUNCTION = YES;
				GCC_WARN_UNUSED_VARIABLE = YES;
				MACOSX_DEPLOYMENT_TARGET = 12.3;
				MTL_ENABLE_DEBUG_INFO = NO;
				MTL_FAST_MATH = YES;
				SDKROOT = macosx;
				SWIFT_COMPILATION_MODE = wholemodule;
				SWIFT_OPTIMIZATION_LEVEL = "-O";
			};
			name = Release;
		};
		AC4C1FBA291B4B2C00C598AA /* Debug */ = {
			isa = XCBuildConfiguration;
			buildSettings = {
				ASSETCATALOG_COMPILER_APPICON_NAME = AppIcon;
				ASSETCATALOG_COMPILER_GLOBAL_ACCENT_COLOR_NAME = AccentColor;
				CODE_SIGN_ENTITLEMENTS = FitzeSeller/FitzeSeller.entitlements;
				CODE_SIGN_STYLE = Automatic;
				COMBINE_HIDPI_IMAGES = YES;
				CURRENT_PROJECT_VERSION = 1;
				DEVELOPMENT_ASSET_PATHS = "\"FitzeSeller/Preview Content\"";
				DEVELOPMENT_TEAM = L7SMRXB5WV;
				ENABLE_HARDENED_RUNTIME = YES;
				ENABLE_PREVIEWS = YES;
				GENERATE_INFOPLIST_FILE = YES;
				INFOPLIST_KEY_NSHumanReadableCopyright = "";
				LD_RUNPATH_SEARCH_PATHS = (
					"$(inherited)",
					"@executable_path/../Frameworks",
				);
				MARKETING_VERSION = 1.0;
				PRODUCT_BUNDLE_IDENTIFIER = com.bryankenneth.FitzeSeller;
				PRODUCT_NAME = "$(TARGET_NAME)";
				SWIFT_EMIT_LOC_STRINGS = YES;
				SWIFT_VERSION = 5.0;
			};
			name = Debug;
		};
		AC4C1FBB291B4B2C00C598AA /* Release */ = {
			isa = XCBuildConfiguration;
			buildSettings = {
				ASSETCATALOG_COMPILER_APPICON_NAME = AppIcon;
				ASSETCATALOG_COMPILER_GLOBAL_ACCENT_COLOR_NAME = AccentColor;
				CODE_SIGN_ENTITLEMENTS = FitzeSeller/FitzeSeller.entitlements;
				CODE_SIGN_STYLE = Automatic;
				COMBINE_HIDPI_IMAGES = YES;
				CURRENT_PROJECT_VERSION = 1;
				DEVELOPMENT_ASSET_PATHS = "\"FitzeSeller/Preview Content\"";
				DEVELOPMENT_TEAM = L7SMRXB5WV;
				ENABLE_HARDENED_RUNTIME = YES;
				ENABLE_PREVIEWS = YES;
				GENERATE_INFOPLIST_FILE = YES;
				INFOPLIST_KEY_NSHumanReadableCopyright = "";
				LD_RUNPATH_SEARCH_PATHS = (
					"$(inherited)",
					"@executable_path/../Frameworks",
				);
				MARKETING_VERSION = 1.0;
				PRODUCT_BUNDLE_IDENTIFIER = com.bryankenneth.FitzeSeller;
				PRODUCT_NAME = "$(TARGET_NAME)";
				SWIFT_EMIT_LOC_STRINGS = YES;
				SWIFT_VERSION = 5.0;
			};
			name = Release;
		};
/* End XCBuildConfiguration section */

/* Begin XCConfigurationList section */
		AC4C1FA5291B4B2B00C598AA /* Build configuration list for PBXProject "FitzeSeller" */ = {
			isa = XCConfigurationList;
			buildConfigurations = (
				AC4C1FB7291B4B2C00C598AA /* Debug */,
				AC4C1FB8291B4B2C00C598AA /* Release */,
			);
			defaultConfigurationIsVisible = 0;
			defaultConfigurationName = Release;
		};
		AC4C1FB9291B4B2C00C598AA /* Build configuration list for PBXNativeTarget "FitzeSeller" */ = {
			isa = XCConfigurationList;
			buildConfigurations = (
				AC4C1FBA291B4B2C00C598AA /* Debug */,
				AC4C1FBB291B4B2C00C598AA /* Release */,
			);
			defaultConfigurationIsVisible = 0;
			defaultConfigurationName = Release;
		};
/* End XCConfigurationList section */
	};
	rootObject = AC4C1FA2291B4B2B00C598AA /* Project object */;
}
