// !$*UTF8*$!
{
	archiveVersion = 1;
	classes = {
	};
	objectVersion = 56;
	objects = {

/* Begin PBXBuildFile section */
		0E8793EA291B4E9C00649AC7 /* Sora-Regular.otf in Resources */ = {isa = PBXBuildFile; fileRef = 0E8793E7291B4E9C00649AC7 /* Sora-Regular.otf */; };
		0E8793EB291B4E9C00649AC7 /* Sora-Bold.otf in Resources */ = {isa = PBXBuildFile; fileRef = 0E8793E8291B4E9C00649AC7 /* Sora-Bold.otf */; };
		0E8793EC291B4E9C00649AC7 /* Sora-SemiBold.otf in Resources */ = {isa = PBXBuildFile; fileRef = 0E8793E9291B4E9C00649AC7 /* Sora-SemiBold.otf */; };
		0E8793F0291B50DB00649AC7 /* StackNavigationView.swift in Sources */ = {isa = PBXBuildFile; fileRef = 0E8793EF291B50DB00649AC7 /* StackNavigationView.swift */; };
		0E8793F2291B51E200649AC7 /* Extensions.swift in Sources */ = {isa = PBXBuildFile; fileRef = 0E8793F1291B51E200649AC7 /* Extensions.swift */; };
		0E8793F4291B527200649AC7 /* ReusableButton.swift in Sources */ = {isa = PBXBuildFile; fileRef = 0E8793F3291B527200649AC7 /* ReusableButton.swift */; };
		0E8793F6291B53B100649AC7 /* SignUpLoginView.swift in Sources */ = {isa = PBXBuildFile; fileRef = 0E8793F5291B53B100649AC7 /* SignUpLoginView.swift */; };
		0E8793F8291B55A900649AC7 /* AuthViewModel.swift in Sources */ = {isa = PBXBuildFile; fileRef = 0E8793F7291B55A900649AC7 /* AuthViewModel.swift */; };
		0E8793FC291B563F00649AC7 /* Background.swift in Sources */ = {isa = PBXBuildFile; fileRef = 0E8793FB291B563F00649AC7 /* Background.swift */; };
		0E8793FE291B581800649AC7 /* LabelledDivider.swift in Sources */ = {isa = PBXBuildFile; fileRef = 0E8793FD291B581800649AC7 /* LabelledDivider.swift */; };
		0E879400291B630F00649AC7 /* LoginView.swift in Sources */ = {isa = PBXBuildFile; fileRef = 0E8793FF291B630F00649AC7 /* LoginView.swift */; };
		0E879402291B66B300649AC7 /* ReusableTextField.swift in Sources */ = {isa = PBXBuildFile; fileRef = 0E879401291B66B300649AC7 /* ReusableTextField.swift */; };
		0E879404291B6B5300649AC7 /* SignUpView.swift in Sources */ = {isa = PBXBuildFile; fileRef = 0E879403291B6B5300649AC7 /* SignUpView.swift */; };
		0E879406291B6BD600649AC7 /* PersonalizeBrandView.swift in Sources */ = {isa = PBXBuildFile; fileRef = 0E879405291B6BD600649AC7 /* PersonalizeBrandView.swift */; };
		0E879408291B92FB00649AC7 /* ProductListView.swift in Sources */ = {isa = PBXBuildFile; fileRef = 0E879407291B92FB00649AC7 /* ProductListView.swift */; };
		0E87940A291B967B00649AC7 /* CardView.swift in Sources */ = {isa = PBXBuildFile; fileRef = 0E879409291B967B00649AC7 /* CardView.swift */; };
		0EA6F347291CA57700BB5F25 /* Product.swift in Sources */ = {isa = PBXBuildFile; fileRef = 0EA6F346291CA57700BB5F25 /* Product.swift */; };
		0EAF5858291DE8D100AC5E93 /* EmptyState.swift in Sources */ = {isa = PBXBuildFile; fileRef = 0EAF5857291DE8D100AC5E93 /* EmptyState.swift */; };
		AC38B6AE2923569A002EB3B2 /* DraftCardView.swift in Sources */ = {isa = PBXBuildFile; fileRef = AC38B6AD2923569A002EB3B2 /* DraftCardView.swift */; };
		AC38B6EE29248204002EB3B2 /* AddProductView.swift in Sources */ = {isa = PBXBuildFile; fileRef = AC38B6ED29248204002EB3B2 /* AddProductView.swift */; };
		AC38B6F0292494FA002EB3B2 /* TimelineTiles.swift in Sources */ = {isa = PBXBuildFile; fileRef = AC38B6EF292494FA002EB3B2 /* TimelineTiles.swift */; };
		AC38B6F22924D356002EB3B2 /* ReusableGenderButton.swift in Sources */ = {isa = PBXBuildFile; fileRef = AC38B6F12924D356002EB3B2 /* ReusableGenderButton.swift */; };
		AC38B6F42924E4BE002EB3B2 /* FormHeading.swift in Sources */ = {isa = PBXBuildFile; fileRef = AC38B6F32924E4BE002EB3B2 /* FormHeading.swift */; };
		AC38B6F62925595E002EB3B2 /* OpenPanel.swift in Sources */ = {isa = PBXBuildFile; fileRef = AC38B6F52925595E002EB3B2 /* OpenPanel.swift */; };
		AC4C1FAE291B4B2B00C598AA /* FitzeSellerApp.swift in Sources */ = {isa = PBXBuildFile; fileRef = AC4C1FAD291B4B2B00C598AA /* FitzeSellerApp.swift */; };
		AC4C1FB0291B4B2B00C598AA /* ContentView.swift in Sources */ = {isa = PBXBuildFile; fileRef = AC4C1FAF291B4B2B00C598AA /* ContentView.swift */; };
		AC4C1FB2291B4B2C00C598AA /* Assets.xcassets in Resources */ = {isa = PBXBuildFile; fileRef = AC4C1FB1291B4B2C00C598AA /* Assets.xcassets */; };
		AC4C1FB5291B4B2C00C598AA /* Preview Assets.xcassets in Resources */ = {isa = PBXBuildFile; fileRef = AC4C1FB4291B4B2C00C598AA /* Preview Assets.xcassets */; };
		AC8B0F6C292202A800E8F9F9 /* Info.plist in Resources */ = {isa = PBXBuildFile; fileRef = 0E8793ED291B4EB700649AC7 /* Info.plist */; };
		DB01CC3D291D5A4200002942 /* ProductAlertView.swift in Sources */ = {isa = PBXBuildFile; fileRef = DB01CC3C291D5A4200002942 /* ProductAlertView.swift */; };
		DB12245E291CACE700F6ECD4 /* ProductTextView.swift in Sources */ = {isa = PBXBuildFile; fileRef = DB12245D291CACE700F6ECD4 /* ProductTextView.swift */; };
		DB36D74F291B5CB300A6B04B /* NotificationItemView.swift in Sources */ = {isa = PBXBuildFile; fileRef = DB36D74E291B5CB300A6B04B /* NotificationItemView.swift */; };
		DB9B5523291B53E9009C76F0 /* NavigationView.swift in Sources */ = {isa = PBXBuildFile; fileRef = DB9B5522291B53E9009C76F0 /* NavigationView.swift */; };
		DB9B5527291B5497009C76F0 /* NavBarIcons.swift in Sources */ = {isa = PBXBuildFile; fileRef = DB9B5526291B5497009C76F0 /* NavBarIcons.swift */; };
		DB9B5529291B56BE009C76F0 /* ProfileView.swift in Sources */ = {isa = PBXBuildFile; fileRef = DB9B5528291B56BE009C76F0 /* ProfileView.swift */; };
		DB9B552B291B56F3009C76F0 /* BottomButtonView.swift in Sources */ = {isa = PBXBuildFile; fileRef = DB9B552A291B56F3009C76F0 /* BottomButtonView.swift */; };
		DB9B5530291B5829009C76F0 /* NotificationsView.swift in Sources */ = {isa = PBXBuildFile; fileRef = DB9B552F291B5829009C76F0 /* NotificationsView.swift */; };
		DBF39DD6291C010700CE5CE4 /* ProductDetailView.swift in Sources */ = {isa = PBXBuildFile; fileRef = DBF39DD5291C010700CE5CE4 /* ProductDetailView.swift */; };
/* End PBXBuildFile section */

/* Begin PBXFileReference section */
		0E8793E7291B4E9C00649AC7 /* Sora-Regular.otf */ = {isa = PBXFileReference; lastKnownFileType = file; path = "Sora-Regular.otf"; sourceTree = "<group>"; };
		0E8793E8291B4E9C00649AC7 /* Sora-Bold.otf */ = {isa = PBXFileReference; lastKnownFileType = file; path = "Sora-Bold.otf"; sourceTree = "<group>"; };
		0E8793E9291B4E9C00649AC7 /* Sora-SemiBold.otf */ = {isa = PBXFileReference; lastKnownFileType = file; path = "Sora-SemiBold.otf"; sourceTree = "<group>"; };
		0E8793ED291B4EB700649AC7 /* Info.plist */ = {isa = PBXFileReference; lastKnownFileType = text.plist; path = Info.plist; sourceTree = "<group>"; };
		0E8793EF291B50DB00649AC7 /* StackNavigationView.swift */ = {isa = PBXFileReference; lastKnownFileType = sourcecode.swift; path = StackNavigationView.swift; sourceTree = "<group>"; };
		0E8793F1291B51E200649AC7 /* Extensions.swift */ = {isa = PBXFileReference; lastKnownFileType = sourcecode.swift; path = Extensions.swift; sourceTree = "<group>"; };
		0E8793F3291B527200649AC7 /* ReusableButton.swift */ = {isa = PBXFileReference; lastKnownFileType = sourcecode.swift; path = ReusableButton.swift; sourceTree = "<group>"; };
		0E8793F5291B53B100649AC7 /* SignUpLoginView.swift */ = {isa = PBXFileReference; lastKnownFileType = sourcecode.swift; path = SignUpLoginView.swift; sourceTree = "<group>"; };
		0E8793F7291B55A900649AC7 /* AuthViewModel.swift */ = {isa = PBXFileReference; lastKnownFileType = sourcecode.swift; path = AuthViewModel.swift; sourceTree = "<group>"; };
		0E8793FB291B563F00649AC7 /* Background.swift */ = {isa = PBXFileReference; lastKnownFileType = sourcecode.swift; path = Background.swift; sourceTree = "<group>"; };
		0E8793FD291B581800649AC7 /* LabelledDivider.swift */ = {isa = PBXFileReference; lastKnownFileType = sourcecode.swift; path = LabelledDivider.swift; sourceTree = "<group>"; };
		0E8793FF291B630F00649AC7 /* LoginView.swift */ = {isa = PBXFileReference; lastKnownFileType = sourcecode.swift; path = LoginView.swift; sourceTree = "<group>"; };
		0E879401291B66B300649AC7 /* ReusableTextField.swift */ = {isa = PBXFileReference; lastKnownFileType = sourcecode.swift; path = ReusableTextField.swift; sourceTree = "<group>"; };
		0E879403291B6B5300649AC7 /* SignUpView.swift */ = {isa = PBXFileReference; lastKnownFileType = sourcecode.swift; path = SignUpView.swift; sourceTree = "<group>"; };
		0E879405291B6BD600649AC7 /* PersonalizeBrandView.swift */ = {isa = PBXFileReference; lastKnownFileType = sourcecode.swift; path = PersonalizeBrandView.swift; sourceTree = "<group>"; };
		0E879407291B92FB00649AC7 /* ProductListView.swift */ = {isa = PBXFileReference; lastKnownFileType = sourcecode.swift; path = ProductListView.swift; sourceTree = "<group>"; };
		0E879409291B967B00649AC7 /* CardView.swift */ = {isa = PBXFileReference; lastKnownFileType = sourcecode.swift; path = CardView.swift; sourceTree = "<group>"; };
		0EA6F346291CA57700BB5F25 /* Product.swift */ = {isa = PBXFileReference; lastKnownFileType = sourcecode.swift; path = Product.swift; sourceTree = "<group>"; };
		0EAF5857291DE8D100AC5E93 /* EmptyState.swift */ = {isa = PBXFileReference; lastKnownFileType = sourcecode.swift; path = EmptyState.swift; sourceTree = "<group>"; };
		AC38B6AD2923569A002EB3B2 /* DraftCardView.swift */ = {isa = PBXFileReference; lastKnownFileType = sourcecode.swift; path = DraftCardView.swift; sourceTree = "<group>"; };
		AC38B6ED29248204002EB3B2 /* AddProductView.swift */ = {isa = PBXFileReference; lastKnownFileType = sourcecode.swift; path = AddProductView.swift; sourceTree = "<group>"; };
		AC38B6EF292494FA002EB3B2 /* TimelineTiles.swift */ = {isa = PBXFileReference; lastKnownFileType = sourcecode.swift; path = TimelineTiles.swift; sourceTree = "<group>"; };
		AC38B6F12924D356002EB3B2 /* ReusableGenderButton.swift */ = {isa = PBXFileReference; lastKnownFileType = sourcecode.swift; path = ReusableGenderButton.swift; sourceTree = "<group>"; };
		AC38B6F32924E4BE002EB3B2 /* FormHeading.swift */ = {isa = PBXFileReference; lastKnownFileType = sourcecode.swift; path = FormHeading.swift; sourceTree = "<group>"; };
		AC38B6F52925595E002EB3B2 /* OpenPanel.swift */ = {isa = PBXFileReference; lastKnownFileType = sourcecode.swift; path = OpenPanel.swift; sourceTree = "<group>"; };
		AC4C1FAA291B4B2B00C598AA /* FitzeSeller.app */ = {isa = PBXFileReference; explicitFileType = wrapper.application; includeInIndex = 0; path = FitzeSeller.app; sourceTree = BUILT_PRODUCTS_DIR; };
		AC4C1FAD291B4B2B00C598AA /* FitzeSellerApp.swift */ = {isa = PBXFileReference; lastKnownFileType = sourcecode.swift; path = FitzeSellerApp.swift; sourceTree = "<group>"; };
		AC4C1FAF291B4B2B00C598AA /* ContentView.swift */ = {isa = PBXFileReference; lastKnownFileType = sourcecode.swift; path = ContentView.swift; sourceTree = "<group>"; };
		AC4C1FB1291B4B2C00C598AA /* Assets.xcassets */ = {isa = PBXFileReference; lastKnownFileType = folder.assetcatalog; path = Assets.xcassets; sourceTree = "<group>"; };
		AC4C1FB4291B4B2C00C598AA /* Preview Assets.xcassets */ = {isa = PBXFileReference; lastKnownFileType = folder.assetcatalog; path = "Preview Assets.xcassets"; sourceTree = "<group>"; };
		AC4C1FB6291B4B2C00C598AA /* FitzeSeller.entitlements */ = {isa = PBXFileReference; lastKnownFileType = text.plist.entitlements; path = FitzeSeller.entitlements; sourceTree = "<group>"; };
		DB01CC3C291D5A4200002942 /* ProductAlertView.swift */ = {isa = PBXFileReference; lastKnownFileType = sourcecode.swift; path = ProductAlertView.swift; sourceTree = "<group>"; };
		DB12245D291CACE700F6ECD4 /* ProductTextView.swift */ = {isa = PBXFileReference; lastKnownFileType = sourcecode.swift; path = ProductTextView.swift; sourceTree = "<group>"; };
		DB36D74E291B5CB300A6B04B /* NotificationItemView.swift */ = {isa = PBXFileReference; lastKnownFileType = sourcecode.swift; path = NotificationItemView.swift; sourceTree = "<group>"; };
		DB9B5522291B53E9009C76F0 /* NavigationView.swift */ = {isa = PBXFileReference; lastKnownFileType = sourcecode.swift; path = NavigationView.swift; sourceTree = "<group>"; };
		DB9B5526291B5497009C76F0 /* NavBarIcons.swift */ = {isa = PBXFileReference; fileEncoding = 4; lastKnownFileType = sourcecode.swift; path = NavBarIcons.swift; sourceTree = "<group>"; };
		DB9B5528291B56BE009C76F0 /* ProfileView.swift */ = {isa = PBXFileReference; lastKnownFileType = sourcecode.swift; path = ProfileView.swift; sourceTree = "<group>"; };
		DB9B552A291B56F3009C76F0 /* BottomButtonView.swift */ = {isa = PBXFileReference; lastKnownFileType = sourcecode.swift; path = BottomButtonView.swift; sourceTree = "<group>"; };
		DB9B552F291B5829009C76F0 /* NotificationsView.swift */ = {isa = PBXFileReference; lastKnownFileType = sourcecode.swift; path = NotificationsView.swift; sourceTree = "<group>"; };
		DBF39DD5291C010700CE5CE4 /* ProductDetailView.swift */ = {isa = PBXFileReference; lastKnownFileType = sourcecode.swift; path = ProductDetailView.swift; sourceTree = "<group>"; };
/* End PBXFileReference section */

/* Begin PBXFrameworksBuildPhase section */
		AC4C1FA7291B4B2B00C598AA /* Frameworks */ = {
			isa = PBXFrameworksBuildPhase;
			buildActionMask = 2147483647;
			files = (
			);
			runOnlyForDeploymentPostprocessing = 0;
		};
/* End PBXFrameworksBuildPhase section */

/* Begin PBXGroup section */
		0E8793E6291B4E9C00649AC7 /* Fonts */ = {
			isa = PBXGroup;
			children = (
				0E8793E7291B4E9C00649AC7 /* Sora-Regular.otf */,
				0E8793E8291B4E9C00649AC7 /* Sora-Bold.otf */,
				0E8793E9291B4E9C00649AC7 /* Sora-SemiBold.otf */,
			);
			path = Fonts;
			sourceTree = "<group>";
		};
		AC38B6EB29248188002EB3B2 /* Add Product 2 */ = {
			isa = PBXGroup;
			children = (
				AC38B6EC292481F7002EB3B2 /* View */,
			);
			path = "Add Product 2";
			sourceTree = "<group>";
		};
		AC38B6EC292481F7002EB3B2 /* View */ = {
			isa = PBXGroup;
			children = (
				AC38B6ED29248204002EB3B2 /* AddProductView.swift */,
				AC38B6EF292494FA002EB3B2 /* TimelineTiles.swift */,
				AC38B6F12924D356002EB3B2 /* ReusableGenderButton.swift */,
				AC38B6F32924E4BE002EB3B2 /* FormHeading.swift */,
			);
			path = View;
			sourceTree = "<group>";
		};
		AC4C1FA1291B4B2B00C598AA = {
			isa = PBXGroup;
			children = (
				AC4C1FAC291B4B2B00C598AA /* FitzeSeller */,
				AC4C1FAB291B4B2B00C598AA /* Products */,
			);
			sourceTree = "<group>";
		};
		AC4C1FAB291B4B2B00C598AA /* Products */ = {
			isa = PBXGroup;
			children = (
				AC4C1FAA291B4B2B00C598AA /* FitzeSeller.app */,
			);
			name = Products;
			sourceTree = "<group>";
		};
		AC4C1FAC291B4B2B00C598AA /* FitzeSeller */ = {
			isa = PBXGroup;
			children = (
				AC8B0F67292201F400E8F9F9 /* Vendor */,
				AC8B0F66292201E200E8F9F9 /* Pages */,
				AC8B0F64292201CF00E8F9F9 /* Model */,
				0E8793ED291B4EB700649AC7 /* Info.plist */,
				AC4C1FAD291B4B2B00C598AA /* FitzeSellerApp.swift */,
				AC4C1FAF291B4B2B00C598AA /* ContentView.swift */,
				DB9B5521291B53CA009C76F0 /* Navigation View */,
				AC4C1FB1291B4B2C00C598AA /* Assets.xcassets */,
				AC4C1FB6291B4B2C00C598AA /* FitzeSeller.entitlements */,
				0E8793E6291B4E9C00649AC7 /* Fonts */,
				AC4C1FB3291B4B2C00C598AA /* Preview Content */,
			);
			path = FitzeSeller;
			sourceTree = "<group>";
		};
		AC4C1FB3291B4B2C00C598AA /* Preview Content */ = {
			isa = PBXGroup;
			children = (
				AC4C1FB4291B4B2C00C598AA /* Preview Assets.xcassets */,
			);
			path = "Preview Content";
			sourceTree = "<group>";
		};
		AC8B0F612922012600E8F9F9 /* Authentication */ = {
			isa = PBXGroup;
			children = (
				AC8B0F632922014E00E8F9F9 /* ViewModel */,
				AC8B0F622922013400E8F9F9 /* View */,
			);
			path = Authentication;
			sourceTree = "<group>";
		};
		AC8B0F622922013400E8F9F9 /* View */ = {
			isa = PBXGroup;
			children = (
				0E879405291B6BD600649AC7 /* PersonalizeBrandView.swift */,
				0E8793F5291B53B100649AC7 /* SignUpLoginView.swift */,
				0E8793FF291B630F00649AC7 /* LoginView.swift */,
				0E879403291B6B5300649AC7 /* SignUpView.swift */,
			);
			path = View;
			sourceTree = "<group>";
		};
		AC8B0F632922014E00E8F9F9 /* ViewModel */ = {
			isa = PBXGroup;
			children = (
				0E8793F7291B55A900649AC7 /* AuthViewModel.swift */,
			);
			path = ViewModel;
			sourceTree = "<group>";
		};
		AC8B0F64292201CF00E8F9F9 /* Model */ = {
			isa = PBXGroup;
			children = (
				0EA6F346291CA57700BB5F25 /* Product.swift */,
			);
			path = Model;
			sourceTree = "<group>";
		};
		AC8B0F66292201E200E8F9F9 /* Pages */ = {
			isa = PBXGroup;
			children = (
				AC38B6EB29248188002EB3B2 /* Add Product 2 */,
				AC8B0F6A2922027500E8F9F9 /* Product List */,
				AC8B0F612922012600E8F9F9 /* Authentication */,
				DBF39DD2291C00CB00CE5CE4 /* Product Detail View */,
				DB9B552C291B5806009C76F0 /* Notification View */,
			);
			path = Pages;
			sourceTree = "<group>";
		};
		AC8B0F67292201F400E8F9F9 /* Vendor */ = {
			isa = PBXGroup;
			children = (
				AC8B0F692922020C00E8F9F9 /* Utilities */,
				AC8B0F68292201FF00E8F9F9 /* Extensions */,
			);
			path = Vendor;
			sourceTree = "<group>";
		};
		AC8B0F68292201FF00E8F9F9 /* Extensions */ = {
			isa = PBXGroup;
			children = (
				0E8793F1291B51E200649AC7 /* Extensions.swift */,
				AC38B6F52925595E002EB3B2 /* OpenPanel.swift */,
			);
			path = Extensions;
			sourceTree = "<group>";
		};
		AC8B0F692922020C00E8F9F9 /* Utilities */ = {
			isa = PBXGroup;
			children = (
				0E8793FB291B563F00649AC7 /* Background.swift */,
				0E8793FD291B581800649AC7 /* LabelledDivider.swift */,
				0E879401291B66B300649AC7 /* ReusableTextField.swift */,
				0E8793EF291B50DB00649AC7 /* StackNavigationView.swift */,
				0E8793F3291B527200649AC7 /* ReusableButton.swift */,
				0EAF5857291DE8D100AC5E93 /* EmptyState.swift */,
			);
			path = Utilities;
			sourceTree = "<group>";
		};
		AC8B0F6A2922027500E8F9F9 /* Product List */ = {
			isa = PBXGroup;
			children = (
				AC8B0F6B2922027D00E8F9F9 /* View */,
			);
			path = "Product List";
			sourceTree = "<group>";
		};
		AC8B0F6B2922027D00E8F9F9 /* View */ = {
			isa = PBXGroup;
			children = (
				0E879407291B92FB00649AC7 /* ProductListView.swift */,
				0E879409291B967B00649AC7 /* CardView.swift */,
				AC38B6AD2923569A002EB3B2 /* DraftCardView.swift */,
			);
			path = View;
			sourceTree = "<group>";
		};
		DB9B5521291B53CA009C76F0 /* Navigation View */ = {
			isa = PBXGroup;
			children = (
				DB9B5524291B5430009C76F0 /* View */,
			);
			path = "Navigation View";
			sourceTree = "<group>";
		};
		DB9B5524291B5430009C76F0 /* View */ = {
			isa = PBXGroup;
			children = (
				DB9B5522291B53E9009C76F0 /* NavigationView.swift */,
				DB9B5526291B5497009C76F0 /* NavBarIcons.swift */,
				DB9B5528291B56BE009C76F0 /* ProfileView.swift */,
				DB9B552A291B56F3009C76F0 /* BottomButtonView.swift */,
			);
			path = View;
			sourceTree = "<group>";
		};
		DB9B552C291B5806009C76F0 /* Notification View */ = {
			isa = PBXGroup;
			children = (
				DB9B552E291B581A009C76F0 /* View Model */,
				DB9B552D291B5815009C76F0 /* View */,
			);
			path = "Notification View";
			sourceTree = "<group>";
		};
		DB9B552D291B5815009C76F0 /* View */ = {
			isa = PBXGroup;
			children = (
				DB9B552F291B5829009C76F0 /* NotificationsView.swift */,
				DB36D74E291B5CB300A6B04B /* NotificationItemView.swift */,
			);
			path = View;
			sourceTree = "<group>";
		};
		DB9B552E291B581A009C76F0 /* View Model */ = {
			isa = PBXGroup;
			children = (
			);
			path = "View Model";
			sourceTree = "<group>";
		};
		DBF39DD2291C00CB00CE5CE4 /* Product Detail View */ = {
			isa = PBXGroup;
			children = (
				DBF39DD4291C00DD00CE5CE4 /* View Model */,
				DBF39DD3291C00D800CE5CE4 /* View */,
			);
			path = "Product Detail View";
			sourceTree = "<group>";
		};
		DBF39DD3291C00D800CE5CE4 /* View */ = {
			isa = PBXGroup;
			children = (
				DBF39DD5291C010700CE5CE4 /* ProductDetailView.swift */,
				DB12245D291CACE700F6ECD4 /* ProductTextView.swift */,
				DB01CC3C291D5A4200002942 /* ProductAlertView.swift */,
			);
			path = View;
			sourceTree = "<group>";
		};
		DBF39DD4291C00DD00CE5CE4 /* View Model */ = {
			isa = PBXGroup;
			children = (
			);
			path = "View Model";
			sourceTree = "<group>";
		};
/* End PBXGroup section */

/* Begin PBXNativeTarget section */
		AC4C1FA9291B4B2B00C598AA /* FitzeSeller */ = {
			isa = PBXNativeTarget;
			buildConfigurationList = AC4C1FB9291B4B2C00C598AA /* Build configuration list for PBXNativeTarget "FitzeSeller" */;
			buildPhases = (
				AC4C1FA6291B4B2B00C598AA /* Sources */,
				AC4C1FA7291B4B2B00C598AA /* Frameworks */,
				AC4C1FA8291B4B2B00C598AA /* Resources */,
			);
			buildRules = (
			);
			dependencies = (
			);
			name = FitzeSeller;
			productName = FitzeSeller;
			productReference = AC4C1FAA291B4B2B00C598AA /* FitzeSeller.app */;
			productType = "com.apple.product-type.application";
		};
/* End PBXNativeTarget section */

/* Begin PBXProject section */
		AC4C1FA2291B4B2B00C598AA /* Project object */ = {
			isa = PBXProject;
			attributes = {
				BuildIndependentTargetsInParallel = 1;
				LastSwiftUpdateCheck = 1400;
				LastUpgradeCheck = 1400;
				TargetAttributes = {
					AC4C1FA9291B4B2B00C598AA = {
						CreatedOnToolsVersion = 14.0.1;
					};
				};
			};
			buildConfigurationList = AC4C1FA5291B4B2B00C598AA /* Build configuration list for PBXProject "FitzeSeller" */;
			compatibilityVersion = "Xcode 14.0";
			developmentRegion = en;
			hasScannedForEncodings = 0;
			knownRegions = (
				en,
				Base,
			);
			mainGroup = AC4C1FA1291B4B2B00C598AA;
			productRefGroup = AC4C1FAB291B4B2B00C598AA /* Products */;
			projectDirPath = "";
			projectRoot = "";
			targets = (
				AC4C1FA9291B4B2B00C598AA /* FitzeSeller */,
			);
		};
/* End PBXProject section */

/* Begin PBXResourcesBuildPhase section */
		AC4C1FA8291B4B2B00C598AA /* Resources */ = {
			isa = PBXResourcesBuildPhase;
			buildActionMask = 2147483647;
			files = (
				0E8793EA291B4E9C00649AC7 /* Sora-Regular.otf in Resources */,
				AC4C1FB5291B4B2C00C598AA /* Preview Assets.xcassets in Resources */,
				AC8B0F6C292202A800E8F9F9 /* Info.plist in Resources */,
				AC4C1FB2291B4B2C00C598AA /* Assets.xcassets in Resources */,
				0E8793EB291B4E9C00649AC7 /* Sora-Bold.otf in Resources */,
				0E8793EC291B4E9C00649AC7 /* Sora-SemiBold.otf in Resources */,
			);
			runOnlyForDeploymentPostprocessing = 0;
		};
/* End PBXResourcesBuildPhase section */

/* Begin PBXSourcesBuildPhase section */
		AC4C1FA6291B4B2B00C598AA /* Sources */ = {
			isa = PBXSourcesBuildPhase;
			buildActionMask = 2147483647;
			files = (
				0EA6F347291CA57700BB5F25 /* Product.swift in Sources */,
				0E8793FE291B581800649AC7 /* LabelledDivider.swift in Sources */,
				AC4C1FB0291B4B2B00C598AA /* ContentView.swift in Sources */,
				DB9B5523291B53E9009C76F0 /* NavigationView.swift in Sources */,
				DB9B5529291B56BE009C76F0 /* ProfileView.swift in Sources */,
				DB9B552B291B56F3009C76F0 /* BottomButtonView.swift in Sources */,
				DB9B5527291B5497009C76F0 /* NavBarIcons.swift in Sources */,
				DB01CC3D291D5A4200002942 /* ProductAlertView.swift in Sources */,
				DB12245E291CACE700F6ECD4 /* ProductTextView.swift in Sources */,
				0E8793F4291B527200649AC7 /* ReusableButton.swift in Sources */,
				0EAF5858291DE8D100AC5E93 /* EmptyState.swift in Sources */,
				0E879402291B66B300649AC7 /* ReusableTextField.swift in Sources */,
				AC38B6F62925595E002EB3B2 /* OpenPanel.swift in Sources */,
				0E8793F6291B53B100649AC7 /* SignUpLoginView.swift in Sources */,
				0E8793F8291B55A900649AC7 /* AuthViewModel.swift in Sources */,
				0E8793FC291B563F00649AC7 /* Background.swift in Sources */,
				AC38B6F0292494FA002EB3B2 /* TimelineTiles.swift in Sources */,
				0E879404291B6B5300649AC7 /* SignUpView.swift in Sources */,
				AC38B6F42924E4BE002EB3B2 /* FormHeading.swift in Sources */,
				AC38B6EE29248204002EB3B2 /* AddProductView.swift in Sources */,
				0E879408291B92FB00649AC7 /* ProductListView.swift in Sources */,
				AC4C1FAE291B4B2B00C598AA /* FitzeSellerApp.swift in Sources */,
				DB36D74F291B5CB300A6B04B /* NotificationItemView.swift in Sources */,
				DB9B5530291B5829009C76F0 /* NotificationsView.swift in Sources */,
				AC38B6AE2923569A002EB3B2 /* DraftCardView.swift in Sources */,
				DBF39DD6291C010700CE5CE4 /* ProductDetailView.swift in Sources */,
				0E879400291B630F00649AC7 /* LoginView.swift in Sources */,
				0E8793F0291B50DB00649AC7 /* StackNavigationView.swift in Sources */,
				0E8793F2291B51E200649AC7 /* Extensions.swift in Sources */,
				0E87940A291B967B00649AC7 /* CardView.swift in Sources */,
				0E879406291B6BD600649AC7 /* PersonalizeBrandView.swift in Sources */,
				AC38B6F22924D356002EB3B2 /* ReusableGenderButton.swift in Sources */,
			);
			runOnlyForDeploymentPostprocessing = 0;
		};
/* End PBXSourcesBuildPhase section */

/* Begin XCBuildConfiguration section */
		AC4C1FB7291B4B2C00C598AA /* Debug */ = {
			isa = XCBuildConfiguration;
			buildSettings = {
				ALWAYS_SEARCH_USER_PATHS = NO;
				CLANG_ANALYZER_NONNULL = YES;
				CLANG_ANALYZER_NUMBER_OBJECT_CONVERSION = YES_AGGRESSIVE;
				CLANG_CXX_LANGUAGE_STANDARD = "gnu++20";
				CLANG_ENABLE_MODULES = YES;
				CLANG_ENABLE_OBJC_ARC = YES;
				CLANG_ENABLE_OBJC_WEAK = YES;
				CLANG_WARN_BLOCK_CAPTURE_AUTORELEASING = YES;
				CLANG_WARN_BOOL_CONVERSION = YES;
				CLANG_WARN_COMMA = YES;
				CLANG_WARN_CONSTANT_CONVERSION = YES;
				CLANG_WARN_DEPRECATED_OBJC_IMPLEMENTATIONS = YES;
				CLANG_WARN_DIRECT_OBJC_ISA_USAGE = YES_ERROR;
				CLANG_WARN_DOCUMENTATION_COMMENTS = YES;
				CLANG_WARN_EMPTY_BODY = YES;
				CLANG_WARN_ENUM_CONVERSION = YES;
				CLANG_WARN_INFINITE_RECURSION = YES;
				CLANG_WARN_INT_CONVERSION = YES;
				CLANG_WARN_NON_LITERAL_NULL_CONVERSION = YES;
				CLANG_WARN_OBJC_IMPLICIT_RETAIN_SELF = YES;
				CLANG_WARN_OBJC_LITERAL_CONVERSION = YES;
				CLANG_WARN_OBJC_ROOT_CLASS = YES_ERROR;
				CLANG_WARN_QUOTED_INCLUDE_IN_FRAMEWORK_HEADER = YES;
				CLANG_WARN_RANGE_LOOP_ANALYSIS = YES;
				CLANG_WARN_STRICT_PROTOTYPES = YES;
				CLANG_WARN_SUSPICIOUS_MOVE = YES;
				CLANG_WARN_UNGUARDED_AVAILABILITY = YES_AGGRESSIVE;
				CLANG_WARN_UNREACHABLE_CODE = YES;
				CLANG_WARN__DUPLICATE_METHOD_MATCH = YES;
				COPY_PHASE_STRIP = NO;
				DEBUG_INFORMATION_FORMAT = dwarf;
				ENABLE_STRICT_OBJC_MSGSEND = YES;
				ENABLE_TESTABILITY = YES;
				GCC_C_LANGUAGE_STANDARD = gnu11;
				GCC_DYNAMIC_NO_PIC = NO;
				GCC_NO_COMMON_BLOCKS = YES;
				GCC_OPTIMIZATION_LEVEL = 0;
				GCC_PREPROCESSOR_DEFINITIONS = (
					"DEBUG=1",
					"$(inherited)",
				);
				GCC_WARN_64_TO_32_BIT_CONVERSION = YES;
				GCC_WARN_ABOUT_RETURN_TYPE = YES_ERROR;
				GCC_WARN_UNDECLARED_SELECTOR = YES;
				GCC_WARN_UNINITIALIZED_AUTOS = YES_AGGRESSIVE;
				GCC_WARN_UNUSED_FUNCTION = YES;
				GCC_WARN_UNUSED_VARIABLE = YES;
				MACOSX_DEPLOYMENT_TARGET = 12.3;
				MTL_ENABLE_DEBUG_INFO = INCLUDE_SOURCE;
				MTL_FAST_MATH = YES;
				ONLY_ACTIVE_ARCH = YES;
				SDKROOT = macosx;
				SWIFT_ACTIVE_COMPILATION_CONDITIONS = DEBUG;
				SWIFT_OPTIMIZATION_LEVEL = "-Onone";
			};
			name = Debug;
		};
		AC4C1FB8291B4B2C00C598AA /* Release */ = {
			isa = XCBuildConfiguration;
			buildSettings = {
				ALWAYS_SEARCH_USER_PATHS = NO;
				CLANG_ANALYZER_NONNULL = YES;
				CLANG_ANALYZER_NUMBER_OBJECT_CONVERSION = YES_AGGRESSIVE;
				CLANG_CXX_LANGUAGE_STANDARD = "gnu++20";
				CLANG_ENABLE_MODULES = YES;
				CLANG_ENABLE_OBJC_ARC = YES;
				CLANG_ENABLE_OBJC_WEAK = YES;
				CLANG_WARN_BLOCK_CAPTURE_AUTORELEASING = YES;
				CLANG_WARN_BOOL_CONVERSION = YES;
				CLANG_WARN_COMMA = YES;
				CLANG_WARN_CONSTANT_CONVERSION = YES;
				CLANG_WARN_DEPRECATED_OBJC_IMPLEMENTATIONS = YES;
				CLANG_WARN_DIRECT_OBJC_ISA_USAGE = YES_ERROR;
				CLANG_WARN_DOCUMENTATION_COMMENTS = YES;
				CLANG_WARN_EMPTY_BODY = YES;
				CLANG_WARN_ENUM_CONVERSION = YES;
				CLANG_WARN_INFINITE_RECURSION = YES;
				CLANG_WARN_INT_CONVERSION = YES;
				CLANG_WARN_NON_LITERAL_NULL_CONVERSION = YES;
				CLANG_WARN_OBJC_IMPLICIT_RETAIN_SELF = YES;
				CLANG_WARN_OBJC_LITERAL_CONVERSION = YES;
				CLANG_WARN_OBJC_ROOT_CLASS = YES_ERROR;
				CLANG_WARN_QUOTED_INCLUDE_IN_FRAMEWORK_HEADER = YES;
				CLANG_WARN_RANGE_LOOP_ANALYSIS = YES;
				CLANG_WARN_STRICT_PROTOTYPES = YES;
				CLANG_WARN_SUSPICIOUS_MOVE = YES;
				CLANG_WARN_UNGUARDED_AVAILABILITY = YES_AGGRESSIVE;
				CLANG_WARN_UNREACHABLE_CODE = YES;
				CLANG_WARN__DUPLICATE_METHOD_MATCH = YES;
				COPY_PHASE_STRIP = NO;
				DEBUG_INFORMATION_FORMAT = "dwarf-with-dsym";
				ENABLE_NS_ASSERTIONS = NO;
				ENABLE_STRICT_OBJC_MSGSEND = YES;
				GCC_C_LANGUAGE_STANDARD = gnu11;
				GCC_NO_COMMON_BLOCKS = YES;
				GCC_WARN_64_TO_32_BIT_CONVERSION = YES;
				GCC_WARN_ABOUT_RETURN_TYPE = YES_ERROR;
				GCC_WARN_UNDECLARED_SELECTOR = YES;
				GCC_WARN_UNINITIALIZED_AUTOS = YES_AGGRESSIVE;
				GCC_WARN_UNUSED_FUNCTION = YES;
				GCC_WARN_UNUSED_VARIABLE = YES;
				MACOSX_DEPLOYMENT_TARGET = 12.3;
				MTL_ENABLE_DEBUG_INFO = NO;
				MTL_FAST_MATH = YES;
				SDKROOT = macosx;
				SWIFT_COMPILATION_MODE = wholemodule;
				SWIFT_OPTIMIZATION_LEVEL = "-O";
			};
			name = Release;
		};
		AC4C1FBA291B4B2C00C598AA /* Debug */ = {
			isa = XCBuildConfiguration;
			buildSettings = {
				ASSETCATALOG_COMPILER_APPICON_NAME = AppIcon;
				ASSETCATALOG_COMPILER_GLOBAL_ACCENT_COLOR_NAME = AccentColor;
				CODE_SIGN_ENTITLEMENTS = FitzeSeller/FitzeSeller.entitlements;
				CODE_SIGN_STYLE = Automatic;
				COMBINE_HIDPI_IMAGES = YES;
				CURRENT_PROJECT_VERSION = 1;
				DEVELOPMENT_ASSET_PATHS = "\"FitzeSeller/Preview Content\"";
				DEVELOPMENT_TEAM = 8XZM6ZXT9F;
				ENABLE_HARDENED_RUNTIME = YES;
				ENABLE_PREVIEWS = YES;
				GENERATE_INFOPLIST_FILE = YES;
				INFOPLIST_FILE = FitzeSeller/Info.plist;
				INFOPLIST_KEY_NSHumanReadableCopyright = "";
				LD_RUNPATH_SEARCH_PATHS = (
					"$(inherited)",
					"@executable_path/../Frameworks",
				);
				MARKETING_VERSION = 1.0;
				PRODUCT_BUNDLE_IDENTIFIER = com.bryankenneth.FitzeSeller;
				PRODUCT_NAME = "$(TARGET_NAME)";
				SWIFT_EMIT_LOC_STRINGS = YES;
				SWIFT_VERSION = 5.0;
			};
			name = Debug;
		};
		AC4C1FBB291B4B2C00C598AA /* Release */ = {
			isa = XCBuildConfiguration;
			buildSettings = {
				ASSETCATALOG_COMPILER_APPICON_NAME = AppIcon;
				ASSETCATALOG_COMPILER_GLOBAL_ACCENT_COLOR_NAME = AccentColor;
				CODE_SIGN_ENTITLEMENTS = FitzeSeller/FitzeSeller.entitlements;
				CODE_SIGN_STYLE = Automatic;
				COMBINE_HIDPI_IMAGES = YES;
				CURRENT_PROJECT_VERSION = 1;
				DEVELOPMENT_ASSET_PATHS = "\"FitzeSeller/Preview Content\"";
				DEVELOPMENT_TEAM = 8XZM6ZXT9F;
				ENABLE_HARDENED_RUNTIME = YES;
				ENABLE_PREVIEWS = YES;
				GENERATE_INFOPLIST_FILE = YES;
				INFOPLIST_FILE = FitzeSeller/Info.plist;
				INFOPLIST_KEY_NSHumanReadableCopyright = "";
				LD_RUNPATH_SEARCH_PATHS = (
					"$(inherited)",
					"@executable_path/../Frameworks",
				);
				MARKETING_VERSION = 1.0;
				PRODUCT_BUNDLE_IDENTIFIER = com.bryankenneth.FitzeSeller;
				PRODUCT_NAME = "$(TARGET_NAME)";
				SWIFT_EMIT_LOC_STRINGS = YES;
				SWIFT_VERSION = 5.0;
			};
			name = Release;
		};
/* End XCBuildConfiguration section */

/* Begin XCConfigurationList section */
		AC4C1FA5291B4B2B00C598AA /* Build configuration list for PBXProject "FitzeSeller" */ = {
			isa = XCConfigurationList;
			buildConfigurations = (
				AC4C1FB7291B4B2C00C598AA /* Debug */,
				AC4C1FB8291B4B2C00C598AA /* Release */,
			);
			defaultConfigurationIsVisible = 0;
			defaultConfigurationName = Release;
		};
		AC4C1FB9291B4B2C00C598AA /* Build configuration list for PBXNativeTarget "FitzeSeller" */ = {
			isa = XCConfigurationList;
			buildConfigurations = (
				AC4C1FBA291B4B2C00C598AA /* Debug */,
				AC4C1FBB291B4B2C00C598AA /* Release */,
			);
			defaultConfigurationIsVisible = 0;
			defaultConfigurationName = Release;
		};
/* End XCConfigurationList section */
	};
	rootObject = AC4C1FA2291B4B2B00C598AA /* Project object */;
}
